
Microsoft Visual Studio Solution File, Format Version 12.00
# Visual Studio Version 16
VisualStudioVersion = 16.0.30413.136
MinimumVisualStudioVersion = 10.0.40219.1
Project("{9A19103F-16F7-4668-BE54-9A1E7A4F7556}") = "Brainwork.TAXI.Data", "Brainwork.TAXI.Data\Brainwork.TAXI.Data.csproj", "{913883D9-2D2F-4EE5-A502-65B4B41652C9}"
EndProject
Project("{2150E333-8FDC-42A3-9474-1A3956D46DE8}") = "SolutionItems", "SolutionItems", "{1AF30E76-7001-417D-B25A-29891A087613}"
	ProjectSection(SolutionItems) = preProject
		.gitignore = .gitignore
	EndProjectSection
EndProject
Project("{9A19103F-16F7-4668-BE54-9A1E7A4F7556}") = "Brainwork.TAXI.Persistence", "Brainwork.TAXI.Persistance\Brainwork.TAXI.Persistence.csproj", "{909BFFFE-572E-4D83-AEFA-7E6ABE2E57CC}"
EndProject
Project("{9A19103F-16F7-4668-BE54-9A1E7A4F7556}") = "Brainwork.TAXI.Web", "Brainwork.TAXI.Web\Brainwork.TAXI.Web.csproj", "{7D26E1C3-71AA-4AEA-8A49-306E954C14D4}"
EndProject
Project("{9A19103F-16F7-4668-BE54-9A1E7A4F7556}") = "Brainwork.TAXI.Service", "Brainwork.TAXI.Service\Brainwork.TAXI.Service.csproj", "{C9CEE367-D9C8-42CF-A3A1-F75F88B428F1}"
EndProject
Global
	GlobalSection(SolutionConfigurationPlatforms) = preSolution
		Debug|Any CPU = Debug|Any CPU
		Release|Any CPU = Release|Any CPU
	EndGlobalSection
	GlobalSection(ProjectConfigurationPlatforms) = postSolution
		{913883D9-2D2F-4EE5-A502-65B4B41652C9}.Debug|Any CPU.ActiveCfg = Debug|Any CPU
		{913883D9-2D2F-4EE5-A502-65B4B41652C9}.Debug|Any CPU.Build.0 = Debug|Any CPU
		{913883D9-2D2F-4EE5-A502-65B4B41652C9}.Release|Any CPU.ActiveCfg = Release|Any CPU
		{913883D9-2D2F-4EE5-A502-65B4B41652C9}.Release|Any CPU.Build.0 = Release|Any CPU
		{909BFFFE-572E-4D83-AEFA-7E6ABE2E57CC}.Debug|Any CPU.ActiveCfg = Debug|Any CPU
		{909BFFFE-572E-4D83-AEFA-7E6ABE2E57CC}.Debug|Any CPU.Build.0 = Debug|Any CPU
		{909BFFFE-572E-4D83-AEFA-7E6ABE2E57CC}.Release|Any CPU.ActiveCfg = Release|Any CPU
		{909BFFFE-572E-4D83-AEFA-7E6ABE2E57CC}.Release|Any CPU.Build.0 = Release|Any CPU
		{7D26E1C3-71AA-4AEA-8A49-306E954C14D4}.Debug|Any CPU.ActiveCfg = Debug|Any CPU
		{7D26E1C3-71AA-4AEA-8A49-306E954C14D4}.Debug|Any CPU.Build.0 = Debug|Any CPU
		{7D26E1C3-71AA-4AEA-8A49-306E954C14D4}.Release|Any CPU.ActiveCfg = Release|Any CPU
		{7D26E1C3-71AA-4AEA-8A49-306E954C14D4}.Release|Any CPU.Build.0 = Release|Any CPU
		{C9CEE367-D9C8-42CF-A3A1-F75F88B428F1}.Debug|Any CPU.ActiveCfg = Debug|Any CPU
		{C9CEE367-D9C8-42CF-A3A1-F75F88B428F1}.Debug|Any CPU.Build.0 = Debug|Any CPU
		{C9CEE367-D9C8-42CF-A3A1-F75F88B428F1}.Release|Any CPU.ActiveCfg = Release|Any CPU
		{C9CEE367-D9C8-42CF-A3A1-F75F88B428F1}.Release|Any CPU.Build.0 = Release|Any CPU
	EndGlobalSection
	GlobalSection(SolutionProperties) = preSolution
		HideSolutionNode = FALSE
	EndGlobalSection
	GlobalSection(ExtensibilityGlobals) = postSolution
		SolutionGuid = {025DC64B-B55F-4E51-8226-3C4EC53F4332}
	EndGlobalSection
EndGlobal
